// !$*UTF8*$!
{
	"archiveVersion" = 1;
	"classes" = {
	};
	"objectVersion" = 56;
	"objects" = {
		"7B0B9E2563785F30FE38888E" = {
			"isa" = "PBXFileReference";
			"path" = "Vegsnap/Models/Models.swift";
			"sourceTree" = "<group>";
		};
		"9D8C465EE0A44FEB464AA736" = {
			"isa" = "PBXBuildFile";
			"fileRef" = "7B0B9E2563785F30FE38888E";
		};
		"1AD78CDBD21E6B9C653A7C76" = {
			"isa" = "PBXFileReference";
			"path" = "Vegsnap/Services/AppStore.swift";
			"sourceTree" = "<group>";
		};
		"4307B74E5B475E3519A0F790" = {
			"isa" = "PBXBuildFile";
			"fileRef" = "1AD78CDBD21E6B9C653A7C76";
		};
		"FDCEC8B47AEDD587F4B0EA26" = {
			"isa" = "PBXFileReference";
			"path" = "Vegsnap/Services/BrowseService.swift";
			"sourceTree" = "<group>";
		};
		"2ACCF50ABD83CFB26D2C37CD" = {
			"isa" = "PBXBuildFile";
			"fileRef" = "FDCEC8B47AEDD587F4B0EA26";
		};
		"65E1A579773A6B04FAFBCD54" = {
			"isa" = "PBXFileReference";
			"path" = "Vegsnap/Services/ChatGPTConnection.swift";
			"sourceTree" = "<group>";
		};
		"865809D38162293065EC78B4" = {
			"isa" = "PBXBuildFile";
			"fileRef" = "65E1A579773A6B04FAFBCD54";
		};
		"0F054E864872A85EE7DBA676" = {
			"isa" = "PBXFileReference";
			"path" = "Vegsnap/Services/ContentReports.swift";
			"sourceTree" = "<group>";
		};
		"E384B3D850D4121805872E95" = {
			"isa" = "PBXBuildFile";
			"fileRef" = "0F054E864872A85EE7DBA676";
		};
		"8BF90562420F60A108D18E3A" = {
			"isa" = "PBXFileReference";
			"path" = "Vegsnap/Services/CoreEngine.swift";
			"sourceTree" = "<group>";
		};
		"3B67B50EE0BBAD18DA6C0E01" = {
			"isa" = "PBXBuildFile";
			"fileRef" = "8BF90562420F60A108D18E3A";
		};
		"B08386C3AB7D6FC28EA351D1" = {
			"isa" = "PBXFileReference";
			"path" = "Vegsnap/Services/HostedAIConnection.swift";
			"sourceTree" = "<group>";
		};
		"2A5B67201961596E89850824" = {
			"isa" = "PBXBuildFile";
			"fileRef" = "B08386C3AB7D6FC28EA351D1";
		};
		"47CDD0B3D7C14F862C0EE464" = {
			"isa" = "PBXFileReference";
			"path" = "Vegsnap/Services/Network.swift";
			"sourceTree" = "<group>";
		};
		"D1C7199031F48870A2E569E2" = {
			"isa" = "PBXBuildFile";
			"fileRef" = "47CDD0B3D7C14F862C0EE464";
		};
		"9DCA86A37E8EF15A51E77181" = {
			"isa" = "PBXFileReference";
			"path" = "Vegsnap/Services/Photos.swift";
			"sourceTree" = "<group>";
		};
		"A35CF0CBA13DEF852A432D88" = {
			"isa" = "PBXBuildFile";
			"fileRef" = "9DCA86A37E8EF15A51E77181";
		};
		"ADCC26AC640A34D9A437597B" = {
			"isa" = "PBXFileReference";
			"path" = "Vegsnap/Services/SharedInbox.swift";
			"sourceTree" = "<group>";
		};
		"288DB2E1D7DC5A0D11E59827" = {
			"isa" = "PBXBuildFile";
			"fileRef" = "ADCC26AC640A34D9A437597B";
		};
		"D3365271BF0DD76E2B62C0E7" = {
			"isa" = "PBXFileReference";
			"path" = "Vegsnap/Services/Storage.swift";
			"sourceTree" = "<group>";
		};
		"31C5712D08AF558877862B9E" = {
			"isa" = "PBXBuildFile";
			"fileRef" = "D3365271BF0DD76E2B62C0E7";
		};
		"B4F2A16E3611E70DA1BEB8ED" = {
			"isa" = "PBXFileReference";
			"path" = "Vegsnap/VegsnapApp.swift";
			"sourceTree" = "<group>";
		};
		"2BE5C42F2E843A93492E6364" = {
			"isa" = "PBXBuildFile";
			"fileRef" = "B4F2A16E3611E70DA1BEB8ED";
		};
		"F81DFF430FBBB47D54F58113" = {
			"isa" = "PBXFileReference";
			"path" = "Vegsnap/Views/BarcodeScanner.swift";
			"sourceTree" = "<group>";
		};
		"505EA6E383BC5A6EBFD90C05" = {
			"isa" = "PBXBuildFile";
			"fileRef" = "F81DFF430FBBB47D54F58113";
		};
		"7D56E9647781B2A0DB3B819D" = {
			"isa" = "PBXFileReference";
			"path" = "Vegsnap/Views/BrowseView.swift";
			"sourceTree" = "<group>";
		};
		"7059CEF6C8E84C6A6569C35F" = {
			"isa" = "PBXBuildFile";
			"fileRef" = "7D56E9647781B2A0DB3B819D";
		};
		"09444DFA8585B309A0BCDE90" = {
			"isa" = "PBXFileReference";
			"path" = "Vegsnap/Views/CheckView.swift";
			"sourceTree" = "<group>";
		};
		"FD9428800643561E5F539ADA" = {
			"isa" = "PBXBuildFile";
			"fileRef" = "09444DFA8585B309A0BCDE90";
		};
		"FBE8E8A569B4E75CD50CA7D4" = {
			"isa" = "PBXFileReference";
			"path" = "Vegsnap/Views/ContentReportButton.swift";
			"sourceTree" = "<group>";
		};
		"0B0716D9F076259311B436A2" = {
			"isa" = "PBXBuildFile";
			"fileRef" = "FBE8E8A569B4E75CD50CA7D4";
		};
		"CC84AE3980700D5771B91B42" = {
			"isa" = "PBXFileReference";
			"path" = "Vegsnap/Views/HistoryView.swift";
			"sourceTree" = "<group>";
		};
		"6653CC7B91D651009791CBA2" = {
			"isa" = "PBXBuildFile";
			"fileRef" = "CC84AE3980700D5771B91B42";
		};
		"A05A8872F9122FEEEF7C5E43" = {
			"isa" = "PBXFileReference";
			"path" = "Vegsnap/Views/ResultView.swift";
			"sourceTree" = "<group>";
		};
		"BB0C61E4F163B5273E9EE6AA" = {
			"isa" = "PBXBuildFile";
			"fileRef" = "A05A8872F9122FEEEF7C5E43";
		};
		"4769153864CCA72F0CEC7EC2" = {
			"isa" = "PBXFileReference";
			"path" = "Vegsnap/Views/SettingsView.swift";
			"sourceTree" = "<group>";
		};
		"2EE82543A492E407B92239B4" = {
			"isa" = "PBXBuildFile";
			"fileRef" = "4769153864CCA72F0CEC7EC2";
		};
		"F81F4A69B67969EA565645D7" = {
			"isa" = "PBXSourcesBuildPhase";
			"buildActionMask" = 2147483647;
			"files" = (
				"9D8C465EE0A44FEB464AA736",
				"4307B74E5B475E3519A0F790",
				"2ACCF50ABD83CFB26D2C37CD",
				"865809D38162293065EC78B4",
				"E384B3D850D4121805872E95",
				"3B67B50EE0BBAD18DA6C0E01",
				"2A5B67201961596E89850824",
				"D1C7199031F48870A2E569E2",
				"A35CF0CBA13DEF852A432D88",
				"288DB2E1D7DC5A0D11E59827",
				"31C5712D08AF558877862B9E",
				"2BE5C42F2E843A93492E6364",
				"505EA6E383BC5A6EBFD90C05",
				"7059CEF6C8E84C6A6569C35F",
				"FD9428800643561E5F539ADA",
				"0B0716D9F076259311B436A2",
				"6653CC7B91D651009791CBA2",
				"BB0C61E4F163B5273E9EE6AA",
				"2EE82543A492E407B92239B4",
			);
			"runOnlyForDeploymentPostprocessing" = 0;
		};
		"93FF967FD742D51E0D69AD2F" = {
			"isa" = "PBXFileReference";
			"path" = "Vegsnap/Resources/Generated";
			"sourceTree" = "<group>";
			"lastKnownFileType" = "folder";
		};
		"669C6827F8F8DB4A455CF376" = {
			"isa" = "PBXBuildFile";
			"fileRef" = "93FF967FD742D51E0D69AD2F";
		};
		"19CD30B57707D2DD9FFD9DBE" = {
			"isa" = "PBXFileReference";
			"path" = "Vegsnap/Resources/Assets.xcassets";
			"sourceTree" = "<group>";
			"lastKnownFileType" = "folder.assetcatalog";
		};
		"AC4568E67787028291DF3A68" = {
			"isa" = "PBXBuildFile";
			"fileRef" = "19CD30B57707D2DD9FFD9DBE";
		};
		"2B5027D25832C2D38C33330F" = {
			"isa" = "PBXFileReference";
			"path" = "Vegsnap/Resources/PrivacyInfo.xcprivacy";
			"sourceTree" = "<group>";
			"lastKnownFileType" = "text.xml";
		};
		"1068EDE76BB95985F9E99C72" = {
			"isa" = "PBXBuildFile";
			"fileRef" = "2B5027D25832C2D38C33330F";
		};
		"ADBC55C0529C1103BACE04F0" = {
			"isa" = "PBXFileReference";
			"name" = "en";
			"path" = "Vegsnap/Resources/en.lproj/Localizable.strings";
			"sourceTree" = "<group>";
			"lastKnownFileType" = "text.plist.strings";
		};
		"93F9C282315E37C86EE15317" = {
			"isa" = "PBXFileReference";
			"name" = "de";
			"path" = "Vegsnap/Resources/de.lproj/Localizable.strings";
			"sourceTree" = "<group>";
			"lastKnownFileType" = "text.plist.strings";
		};
		"94FFACBD05CCC2330BE53863" = {
			"isa" = "PBXVariantGroup";
			"children" = (
				"ADBC55C0529C1103BACE04F0",
				"93F9C282315E37C86EE15317",
			);
			"name" = "Localizable.strings";
			"sourceTree" = "<group>";
		};
		"D788CDCB6FC3D501356BD6DB" = {
			"isa" = "PBXBuildFile";
			"fileRef" = "94FFACBD05CCC2330BE53863";
		};
		"767DE6B9D8ABEE6A4CA88E39" = {
			"isa" = "PBXResourcesBuildPhase";
			"buildActionMask" = 2147483647;
			"files" = (
				"669C6827F8F8DB4A455CF376",
				"AC4568E67787028291DF3A68",
				"1068EDE76BB95985F9E99C72",
				"D788CDCB6FC3D501356BD6DB",
			);
			"runOnlyForDeploymentPostprocessing" = 0;
		};
		"CC0D71F8D611C9B1F70C927F" = {
			"isa" = "PBXFrameworksBuildPhase";
			"buildActionMask" = 2147483647;
			"files" = ();
			"runOnlyForDeploymentPostprocessing" = 0;
		};
		"AAAB4D7B9B36695D8B682CFA" = {
			"isa" = "PBXFileReference";
			"explicitFileType" = "wrapper.application";
			"path" = "Vegsnap.app";
			"sourceTree" = "BUILT_PRODUCTS_DIR";
			"includeInIndex" = 0;
		};
		"2D0A794F0E6DE722DCBCF1C9" = {
			"isa" = "XCBuildConfiguration";
			"name" = "Debug";
			"buildSettings" = {
				"PRODUCT_NAME" = "$(TARGET_NAME)";
				"PRODUCT_BUNDLE_IDENTIFIER" = "app.vegsnap.ios";
				"SWIFT_VERSION" = "5.0";
				"TARGETED_DEVICE_FAMILY" = "1,2";
				"IPHONEOS_DEPLOYMENT_TARGET" = "18.0";
				"CODE_SIGN_STYLE" = "Automatic";
				"CURRENT_PROJECT_VERSION" = "1";
				"MARKETING_VERSION" = "0.2.12";
				"GENERATE_INFOPLIST_FILE" = "NO";
				"SWIFT_EMIT_LOC_STRINGS" = "NO";
				"SWIFT_ACTIVE_COMPILATION_CONDITIONS" = "DEBUG";
				"SWIFT_OPTIMIZATION_LEVEL" = "-Onone";
				"ENABLE_TESTABILITY" = "YES";
				"ONLY_ACTIVE_ARCH" = "YES";
				"INFOPLIST_FILE" = "Vegsnap/Info.plist";
				"CODE_SIGN_ENTITLEMENTS" = "Vegsnap/Vegsnap.entitlements";
				"ASSETCATALOG_COMPILER_APPICON_NAME" = "AppIcon";
				"ASSETCATALOG_COMPILER_GLOBAL_ACCENT_COLOR_NAME" = "AccentColor";
				"LD_RUNPATH_SEARCH_PATHS" = "$(inherited) @executable_path/Frameworks";
			};
		};
		"D2B5902C7614AADF0D0457E9" = {
			"isa" = "XCBuildConfiguration";
			"name" = "Release";
			"buildSettings" = {
				"PRODUCT_NAME" = "$(TARGET_NAME)";
				"PRODUCT_BUNDLE_IDENTIFIER" = "app.vegsnap.ios";
				"SWIFT_VERSION" = "5.0";
				"TARGETED_DEVICE_FAMILY" = "1,2";
				"IPHONEOS_DEPLOYMENT_TARGET" = "18.0";
				"CODE_SIGN_STYLE" = "Automatic";
				"CURRENT_PROJECT_VERSION" = "1";
				"MARKETING_VERSION" = "0.2.12";
				"GENERATE_INFOPLIST_FILE" = "NO";
				"SWIFT_EMIT_LOC_STRINGS" = "NO";
				"SWIFT_COMPILATION_MODE" = "wholemodule";
				"SWIFT_OPTIMIZATION_LEVEL" = "-O";
				"INFOPLIST_FILE" = "Vegsnap/Info.plist";
				"CODE_SIGN_ENTITLEMENTS" = "Vegsnap/Vegsnap.entitlements";
				"ASSETCATALOG_COMPILER_APPICON_NAME" = "AppIcon";
				"ASSETCATALOG_COMPILER_GLOBAL_ACCENT_COLOR_NAME" = "AccentColor";
				"LD_RUNPATH_SEARCH_PATHS" = "$(inherited) @executable_path/Frameworks";
			};
		};
		"0B7A3B74BCB1203B3C58D836" = {
			"isa" = "XCConfigurationList";
			"buildConfigurations" = (
				"2D0A794F0E6DE722DCBCF1C9",
				"D2B5902C7614AADF0D0457E9",
			);
			"defaultConfigurationIsVisible" = 0;
			"defaultConfigurationName" = "Release";
		};
		"8B6D689EEDEB1581D2E59191" = {
			"isa" = "PBXTargetDependency";
			"target" = "860AE81B68E2E8FDA5FEEE33";
		};
		"37B361C851F0D40A3802CA8F" = {
			"isa" = "PBXBuildFile";
			"fileRef" = "63B8424551B9AD8602FD2110";
			"settings" = {
				"ATTRIBUTES" = (
					"RemoveHeadersOnCopy",
				);
			};
		};
		"AFC32963E7959E7A34264826" = {
			"isa" = "PBXCopyFilesBuildPhase";
			"buildActionMask" = 2147483647;
			"files" = (
				"37B361C851F0D40A3802CA8F",
			);
			"dstPath" = "";
			"dstSubfolderSpec" = 13;
			"name" = "Embed App Extensions";
			"runOnlyForDeploymentPostprocessing" = 0;
		};
		"7FEAF453D1E28E505E34B618" = {
			"isa" = "PBXNativeTarget";
			"name" = "Vegsnap";
			"productName" = "Vegsnap";
			"productReference" = "AAAB4D7B9B36695D8B682CFA";
			"productType" = "com.apple.product-type.application";
			"buildConfigurationList" = "0B7A3B74BCB1203B3C58D836";
			"buildPhases" = (
				"F81F4A69B67969EA565645D7",
				"CC0D71F8D611C9B1F70C927F",
				"767DE6B9D8ABEE6A4CA88E39",
				"AFC32963E7959E7A34264826",
			);
			"buildRules" = ();
			"dependencies" = (
				"8B6D689EEDEB1581D2E59191",
			);
		};
		"CAD35054A8361FDDDDA0D4AB" = {
			"isa" = "PBXFileReference";
			"path" = "ShareExtension/ShareViewController.swift";
			"sourceTree" = "<group>";
		};
		"90ACE73ECB320CD4AA0E4B9A" = {
			"isa" = "PBXBuildFile";
			"fileRef" = "CAD35054A8361FDDDDA0D4AB";
		};
		"540AAE0A4007FFA00CF03BF6" = {
			"isa" = "PBXSourcesBuildPhase";
			"buildActionMask" = 2147483647;
			"files" = (
				"90ACE73ECB320CD4AA0E4B9A",
			);
			"runOnlyForDeploymentPostprocessing" = 0;
		};
		"94497CE44DE76915248F9A57" = {
			"isa" = "PBXFileReference";
			"name" = "en";
			"path" = "ShareExtension/en.lproj/Localizable.strings";
			"sourceTree" = "<group>";
			"lastKnownFileType" = "text.plist.strings";
		};
		"BA65F171892D8A70AD4D66B3" = {
			"isa" = "PBXFileReference";
			"name" = "de";
			"path" = "ShareExtension/de.lproj/Localizable.strings";
			"sourceTree" = "<group>";
			"lastKnownFileType" = "text.plist.strings";
		};
		"5B725B4CAD96066C6878118B" = {
			"isa" = "PBXVariantGroup";
			"children" = (
				"94497CE44DE76915248F9A57",
				"BA65F171892D8A70AD4D66B3",
			);
			"name" = "Localizable.strings";
			"sourceTree" = "<group>";
		};
		"4523EFA8B56B65E36B2B44C7" = {
			"isa" = "PBXBuildFile";
			"fileRef" = "5B725B4CAD96066C6878118B";
		};
		"D42DE21F266F93E4C3C9A650" = {
			"isa" = "PBXResourcesBuildPhase";
			"buildActionMask" = 2147483647;
			"files" = (
				"4523EFA8B56B65E36B2B44C7",
			);
			"runOnlyForDeploymentPostprocessing" = 0;
		};
		"9EF40D58496CC924F5EBAC67" = {
			"isa" = "PBXFrameworksBuildPhase";
			"buildActionMask" = 2147483647;
			"files" = ();
			"runOnlyForDeploymentPostprocessing" = 0;
		};
		"63B8424551B9AD8602FD2110" = {
			"isa" = "PBXFileReference";
			"explicitFileType" = "wrapper.app-extension";
			"path" = "VegsnapShare.appex";
			"sourceTree" = "BUILT_PRODUCTS_DIR";
			"includeInIndex" = 0;
		};
		"E2DA31783CF4C20BCFAA1F27" = {
			"isa" = "XCBuildConfiguration";
			"name" = "Debug";
			"buildSettings" = {
				"PRODUCT_NAME" = "$(TARGET_NAME)";
				"PRODUCT_BUNDLE_IDENTIFIER" = "app.vegsnap.ios.VegsnapShare";
				"SWIFT_VERSION" = "5.0";
				"TARGETED_DEVICE_FAMILY" = "1,2";
				"IPHONEOS_DEPLOYMENT_TARGET" = "18.0";
				"CODE_SIGN_STYLE" = "Automatic";
				"CURRENT_PROJECT_VERSION" = "1";
				"MARKETING_VERSION" = "0.2.12";
				"GENERATE_INFOPLIST_FILE" = "NO";
				"SWIFT_EMIT_LOC_STRINGS" = "NO";
				"SWIFT_ACTIVE_COMPILATION_CONDITIONS" = "DEBUG";
				"SWIFT_OPTIMIZATION_LEVEL" = "-Onone";
				"ENABLE_TESTABILITY" = "YES";
				"ONLY_ACTIVE_ARCH" = "YES";
				"INFOPLIST_FILE" = "ShareExtension/Info.plist";
				"CODE_SIGN_ENTITLEMENTS" = "ShareExtension/Share.entitlements";
				"APPLICATION_EXTENSION_API_ONLY" = "YES";
				"SKIP_INSTALL" = "YES";
			};
		};
		"E61A2F084B560475C43CB21C" = {
			"isa" = "XCBuildConfiguration";
			"name" = "Release";
			"buildSettings" = {
				"PRODUCT_NAME" = "$(TARGET_NAME)";
				"PRODUCT_BUNDLE_IDENTIFIER" = "app.vegsnap.ios.VegsnapShare";
				"SWIFT_VERSION" = "5.0";
				"TARGETED_DEVICE_FAMILY" = "1,2";
				"IPHONEOS_DEPLOYMENT_TARGET" = "18.0";
				"CODE_SIGN_STYLE" = "Automatic";
				"CURRENT_PROJECT_VERSION" = "1";
				"MARKETING_VERSION" = "0.2.12";
				"GENERATE_INFOPLIST_FILE" = "NO";
				"SWIFT_EMIT_LOC_STRINGS" = "NO";
				"SWIFT_COMPILATION_MODE" = "wholemodule";
				"SWIFT_OPTIMIZATION_LEVEL" = "-O";
				"INFOPLIST_FILE" = "ShareExtension/Info.plist";
				"CODE_SIGN_ENTITLEMENTS" = "ShareExtension/Share.entitlements";
				"APPLICATION_EXTENSION_API_ONLY" = "YES";
				"SKIP_INSTALL" = "YES";
			};
		};
		"CF4872FCB9B60F281405D80A" = {
			"isa" = "XCConfigurationList";
			"buildConfigurations" = (
				"E2DA31783CF4C20BCFAA1F27",
				"E61A2F084B560475C43CB21C",
			);
			"defaultConfigurationIsVisible" = 0;
			"defaultConfigurationName" = "Release";
		};
		"860AE81B68E2E8FDA5FEEE33" = {
			"isa" = "PBXNativeTarget";
			"name" = "VegsnapShare";
			"productName" = "VegsnapShare";
			"productReference" = "63B8424551B9AD8602FD2110";
			"productType" = "com.apple.product-type.app-extension";
			"buildConfigurationList" = "CF4872FCB9B60F281405D80A";
			"buildPhases" = (
				"540AAE0A4007FFA00CF03BF6",
				"9EF40D58496CC924F5EBAC67",
				"D42DE21F266F93E4C3C9A650",
			);
			"buildRules" = ();
			"dependencies" = ();
		};
		"2C6ABBC5541EE7064E19AB56" = {
			"isa" = "PBXFileReference";
			"path" = "VegsnapTests/CoreTests.swift";
			"sourceTree" = "<group>";
		};
		"37BA16BC5D72C74AC80FA638" = {
			"isa" = "PBXBuildFile";
			"fileRef" = "2C6ABBC5541EE7064E19AB56";
		};
		"AF3791203AC3C7AC6EB89C17" = {
			"isa" = "PBXSourcesBuildPhase";
			"buildActionMask" = 2147483647;
			"files" = (
				"37BA16BC5D72C74AC80FA638",
			);
			"runOnlyForDeploymentPostprocessing" = 0;
		};
		"F722234CD8309BA92E9E9DB8" = {
			"isa" = "PBXResourcesBuildPhase";
			"buildActionMask" = 2147483647;
			"files" = ();
			"runOnlyForDeploymentPostprocessing" = 0;
		};
		"0728D70124C06FD49346E2CB" = {
			"isa" = "PBXFrameworksBuildPhase";
			"buildActionMask" = 2147483647;
			"files" = ();
			"runOnlyForDeploymentPostprocessing" = 0;
		};
		"E138A473D91E12A5A31F7FA3" = {
			"isa" = "PBXFileReference";
			"explicitFileType" = "wrapper.cfbundle";
			"path" = "VegsnapTests.xctest";
			"sourceTree" = "BUILT_PRODUCTS_DIR";
			"includeInIndex" = 0;
		};
		"BBD0614A3EBA0DEECB870327" = {
			"isa" = "XCBuildConfiguration";
			"name" = "Debug";
			"buildSettings" = {
				"PRODUCT_NAME" = "$(TARGET_NAME)";
				"PRODUCT_BUNDLE_IDENTIFIER" = "app.vegsnap.ios.VegsnapTests";
				"SWIFT_VERSION" = "5.0";
				"TARGETED_DEVICE_FAMILY" = "1,2";
				"IPHONEOS_DEPLOYMENT_TARGET" = "18.0";
				"CODE_SIGN_STYLE" = "Automatic";
				"CURRENT_PROJECT_VERSION" = "1";
				"MARKETING_VERSION" = "0.2.12";
				"GENERATE_INFOPLIST_FILE" = "YES";
				"SWIFT_EMIT_LOC_STRINGS" = "NO";
				"SWIFT_ACTIVE_COMPILATION_CONDITIONS" = "DEBUG";
				"SWIFT_OPTIMIZATION_LEVEL" = "-Onone";
				"ENABLE_TESTABILITY" = "YES";
				"ONLY_ACTIVE_ARCH" = "YES";
				"TEST_HOST" = "$(BUILT_PRODUCTS_DIR)/Vegsnap.app/$(BUNDLE_EXECUTABLE_FOLDER_PATH)/Vegsnap";
				"BUNDLE_LOADER" = "$(TEST_HOST)";
			};
		};
		"A1CDF09907CBFC04447A4931" = {
			"isa" = "XCBuildConfiguration";
			"name" = "Release";
			"buildSettings" = {
				"PRODUCT_NAME" = "$(TARGET_NAME)";
				"PRODUCT_BUNDLE_IDENTIFIER" = "app.vegsnap.ios.VegsnapTests";
				"SWIFT_VERSION" = "5.0";
				"TARGETED_DEVICE_FAMILY" = "1,2";
				"IPHONEOS_DEPLOYMENT_TARGET" = "18.0";
				"CODE_SIGN_STYLE" = "Automatic";
				"CURRENT_PROJECT_VERSION" = "1";
				"MARKETING_VERSION" = "0.2.12";
				"GENERATE_INFOPLIST_FILE" = "YES";
				"SWIFT_EMIT_LOC_STRINGS" = "NO";
				"SWIFT_COMPILATION_MODE" = "wholemodule";
				"SWIFT_OPTIMIZATION_LEVEL" = "-O";
				"TEST_HOST" = "$(BUILT_PRODUCTS_DIR)/Vegsnap.app/$(BUNDLE_EXECUTABLE_FOLDER_PATH)/Vegsnap";
				"BUNDLE_LOADER" = "$(TEST_HOST)";
			};
		};
		"4CBA31B429BEC2CF312D1280" = {
			"isa" = "XCConfigurationList";
			"buildConfigurations" = (
				"BBD0614A3EBA0DEECB870327",
				"A1CDF09907CBFC04447A4931",
			);
			"defaultConfigurationIsVisible" = 0;
			"defaultConfigurationName" = "Release";
		};
		"BCD02138A47E44034496CBE7" = {
			"isa" = "PBXTargetDependency";
			"target" = "7FEAF453D1E28E505E34B618";
		};
		"DF7B60540DD0FD86FAA4BA31" = {
			"isa" = "PBXNativeTarget";
			"name" = "VegsnapTests";
			"productName" = "VegsnapTests";
			"productReference" = "E138A473D91E12A5A31F7FA3";
			"productType" = "com.apple.product-type.bundle.unit-test";
			"buildConfigurationList" = "4CBA31B429BEC2CF312D1280";
			"buildPhases" = (
				"AF3791203AC3C7AC6EB89C17",
				"0728D70124C06FD49346E2CB",
				"F722234CD8309BA92E9E9DB8",
			);
			"buildRules" = ();
			"dependencies" = (
				"BCD02138A47E44034496CBE7",
			);
		};
		"E5A966C26F65B271AB989996" = {
			"isa" = "PBXFileReference";
			"path" = "VegsnapUITests/VegsnapUITests.swift";
			"sourceTree" = "<group>";
		};
		"BB2C3B856E79BD76D312E358" = {
			"isa" = "PBXBuildFile";
			"fileRef" = "E5A966C26F65B271AB989996";
		};
		"CD51E2BCDEBA8A3B14CB1295" = {
			"isa" = "PBXSourcesBuildPhase";
			"buildActionMask" = 2147483647;
			"files" = (
				"BB2C3B856E79BD76D312E358",
			);
			"runOnlyForDeploymentPostprocessing" = 0;
		};
		"9900782D8EB5E966F7676DA0" = {
			"isa" = "PBXResourcesBuildPhase";
			"buildActionMask" = 2147483647;
			"files" = ();
			"runOnlyForDeploymentPostprocessing" = 0;
		};
		"EDB8A33A4DB57CC7556DF941" = {
			"isa" = "PBXFrameworksBuildPhase";
			"buildActionMask" = 2147483647;
			"files" = ();
			"runOnlyForDeploymentPostprocessing" = 0;
		};
		"316A1F8005D6CA03C2EF049D" = {
			"isa" = "PBXFileReference";
			"explicitFileType" = "wrapper.cfbundle";
			"path" = "VegsnapUITests.xctest";
			"sourceTree" = "BUILT_PRODUCTS_DIR";
			"includeInIndex" = 0;
		};
		"28FCF5A7E904E8ACD9C34287" = {
			"isa" = "XCBuildConfiguration";
			"name" = "Debug";
			"buildSettings" = {
				"PRODUCT_NAME" = "$(TARGET_NAME)";
				"PRODUCT_BUNDLE_IDENTIFIER" = "app.vegsnap.ios.VegsnapUITests";
				"SWIFT_VERSION" = "5.0";
				"TARGETED_DEVICE_FAMILY" = "1,2";
				"IPHONEOS_DEPLOYMENT_TARGET" = "18.0";
				"CODE_SIGN_STYLE" = "Automatic";
				"CURRENT_PROJECT_VERSION" = "1";
				"MARKETING_VERSION" = "0.2.12";
				"GENERATE_INFOPLIST_FILE" = "YES";
				"SWIFT_EMIT_LOC_STRINGS" = "NO";
				"SWIFT_ACTIVE_COMPILATION_CONDITIONS" = "DEBUG";
				"SWIFT_OPTIMIZATION_LEVEL" = "-Onone";
				"ENABLE_TESTABILITY" = "YES";
				"ONLY_ACTIVE_ARCH" = "YES";
				"TEST_TARGET_NAME" = "Vegsnap";
			};
		};
		"3A86D688CF3BD6E7281AD6FE" = {
			"isa" = "XCBuildConfiguration";
			"name" = "Release";
			"buildSettings" = {
				"PRODUCT_NAME" = "$(TARGET_NAME)";
				"PRODUCT_BUNDLE_IDENTIFIER" = "app.vegsnap.ios.VegsnapUITests";
				"SWIFT_VERSION" = "5.0";
				"TARGETED_DEVICE_FAMILY" = "1,2";
				"IPHONEOS_DEPLOYMENT_TARGET" = "18.0";
				"CODE_SIGN_STYLE" = "Automatic";
				"CURRENT_PROJECT_VERSION" = "1";
				"MARKETING_VERSION" = "0.2.12";
				"GENERATE_INFOPLIST_FILE" = "YES";
				"SWIFT_EMIT_LOC_STRINGS" = "NO";
				"SWIFT_COMPILATION_MODE" = "wholemodule";
				"SWIFT_OPTIMIZATION_LEVEL" = "-O";
				"TEST_TARGET_NAME" = "Vegsnap";
			};
		};
		"FB588EBF1224DA5646C9FE9F" = {
			"isa" = "XCConfigurationList";
			"buildConfigurations" = (
				"28FCF5A7E904E8ACD9C34287",
				"3A86D688CF3BD6E7281AD6FE",
			);
			"defaultConfigurationIsVisible" = 0;
			"defaultConfigurationName" = "Release";
		};
		"D5B0FE7FC2590F4BF88B2C1F" = {
			"isa" = "PBXTargetDependency";
			"target" = "7FEAF453D1E28E505E34B618";
		};
		"6EE11F1C2CDB3F229AD344A1" = {
			"isa" = "PBXNativeTarget";
			"name" = "VegsnapUITests";
			"productName" = "VegsnapUITests";
			"productReference" = "316A1F8005D6CA03C2EF049D";
			"productType" = "com.apple.product-type.bundle.ui-testing";
			"buildConfigurationList" = "FB588EBF1224DA5646C9FE9F";
			"buildPhases" = (
				"CD51E2BCDEBA8A3B14CB1295",
				"EDB8A33A4DB57CC7556DF941",
				"9900782D8EB5E966F7676DA0",
			);
			"buildRules" = ();
			"dependencies" = (
				"D5B0FE7FC2590F4BF88B2C1F",
			);
		};
		"0A3E27B8CA818264D75C8D81" = {
			"isa" = "PBXGroup";
			"children" = (
				"AAAB4D7B9B36695D8B682CFA",
				"63B8424551B9AD8602FD2110",
				"E138A473D91E12A5A31F7FA3",
				"316A1F8005D6CA03C2EF049D",
			);
			"name" = "Products";
			"sourceTree" = "<group>";
		};
		"0D6E4079E36703EBD37C0072" = {
			"isa" = "PBXGroup";
			"children" = (
				"7B0B9E2563785F30FE38888E",
				"1AD78CDBD21E6B9C653A7C76",
				"FDCEC8B47AEDD587F4B0EA26",
				"65E1A579773A6B04FAFBCD54",
				"0F054E864872A85EE7DBA676",
				"8BF90562420F60A108D18E3A",
				"B08386C3AB7D6FC28EA351D1",
				"47CDD0B3D7C14F862C0EE464",
				"9DCA86A37E8EF15A51E77181",
				"ADCC26AC640A34D9A437597B",
				"D3365271BF0DD76E2B62C0E7",
				"B4F2A16E3611E70DA1BEB8ED",
				"F81DFF430FBBB47D54F58113",
				"7D56E9647781B2A0DB3B819D",
				"09444DFA8585B309A0BCDE90",
				"FBE8E8A569B4E75CD50CA7D4",
				"CC84AE3980700D5771B91B42",
				"A05A8872F9122FEEEF7C5E43",
				"4769153864CCA72F0CEC7EC2",
				"93FF967FD742D51E0D69AD2F",
				"19CD30B57707D2DD9FFD9DBE",
				"2B5027D25832C2D38C33330F",
				"94FFACBD05CCC2330BE53863",
				"CAD35054A8361FDDDDA0D4AB",
				"5B725B4CAD96066C6878118B",
				"2C6ABBC5541EE7064E19AB56",
				"E5A966C26F65B271AB989996",
				"0A3E27B8CA818264D75C8D81",
			);
			"sourceTree" = "<group>";
		};
		"2B23A31EEC75B029432F2445" = {
			"isa" = "XCBuildConfiguration";
			"name" = "Debug";
			"buildSettings" = {
				"SDKROOT" = "iphoneos";
				"CLANG_ENABLE_MODULES" = "YES";
				"CLANG_ENABLE_OBJC_ARC" = "YES";
				"ENABLE_USER_SCRIPT_SANDBOXING" = "YES";
				"SWIFT_STRICT_CONCURRENCY" = "targeted";
				"DEBUG_INFORMATION_FORMAT" = "dwarf";
				"GCC_C_LANGUAGE_STANDARD" = "gnu17";
				"SUPPORTED_PLATFORMS" = "iphoneos iphonesimulator";
			};
		};
		"07CA1E69F6068DEA30A4DA6B" = {
			"isa" = "XCBuildConfiguration";
			"name" = "Release";
			"buildSettings" = {
				"SDKROOT" = "iphoneos";
				"CLANG_ENABLE_MODULES" = "YES";
				"CLANG_ENABLE_OBJC_ARC" = "YES";
				"ENABLE_USER_SCRIPT_SANDBOXING" = "YES";
				"SWIFT_STRICT_CONCURRENCY" = "targeted";
				"DEBUG_INFORMATION_FORMAT" = "dwarf-with-dsym";
				"GCC_C_LANGUAGE_STANDARD" = "gnu17";
				"SUPPORTED_PLATFORMS" = "iphoneos iphonesimulator";
			};
		};
		"F905B102B4F13BD6617D8EB3" = {
			"isa" = "XCConfigurationList";
			"buildConfigurations" = (
				"2B23A31EEC75B029432F2445",
				"07CA1E69F6068DEA30A4DA6B",
			);
			"defaultConfigurationIsVisible" = 0;
			"defaultConfigurationName" = "Release";
		};
		"244210E48437B6556980A702" = {
			"isa" = "PBXProject";
			"attributes" = {
				"LastUpgradeCheck" = "2620";
				"BuildIndependentTargetsInParallel" = "YES";
			};
			"buildConfigurationList" = "F905B102B4F13BD6617D8EB3";
			"compatibilityVersion" = "Xcode 14.0";
			"developmentRegion" = "en";
			"knownRegions" = (
				"en",
				"de",
				"Base",
			);
			"mainGroup" = "0D6E4079E36703EBD37C0072";
			"productRefGroup" = "0A3E27B8CA818264D75C8D81";
			"projectDirPath" = "";
			"projectRoot" = "";
			"targets" = (
				"7FEAF453D1E28E505E34B618",
				"860AE81B68E2E8FDA5FEEE33",
				"DF7B60540DD0FD86FAA4BA31",
				"6EE11F1C2CDB3F229AD344A1",
			);
		};
	};
	"rootObject" = "244210E48437B6556980A702";
}
